# This file is automatically @generated by Cargo.
# It is not intended for manual editing.
version = 3

[[package]]
name = "beacon"
version = "0.1.0"

[[package]]
name = "config"
version = "0.1.0"

[[package]]
name = "engine"
version = "0.1.0"

[[package]]
name = "forkchoice"
version = "0.1.0"

[[package]]
name = "networking"
version = "0.1.0"

[[package]]
name = "node"
version = "0.1.0"

[[package]]
name = "protocol"
version = "0.1.0"

[[package]]
name = "runtime-api"
version = "0.1.0"

[[package]]
name = "runtime-chain"
version = "0.1.0"

[[package]]
name = "runtime-core"
version = "0.1.0"

[[package]]
name = "runtime-p2p"
version = "0.1.0"

[[package]]
name = "ssz"
version = "0.1.0"

[[package]]
name = "statetransition"
version = "0.1.0"

[[package]]
name = "storage"
version = "0.1.0"

[[package]]
name = "types"
version = "0.1.0"
